
Microsoft Visual Studio Solution File, Format Version 12.00
# Visual Studio 15
Project("{FAE04EC0-301F-11D3-BF4B-00C04F79EFBC}") = "SpaceWars - 복사본", "SpaceWars - 복사본.csproj", "{8D41BACE-085E-0863-7B51-D04EE9636659}"
EndProject
Project("{FAE04EC0-301F-11D3-BF4B-00C04F79EFBC}") = "SpaceWars - 복사본.Editor", "SpaceWars - 복사본.Editor.csproj", "{FABFA38E-A53E-B3A2-D559-6B24968C0920}"
EndProject
Global
	GlobalSection(SolutionConfigurationPlatforms) = preSolution
		Debug|Any CPU = Debug|Any CPU
		Release|Any CPU = Release|Any CPU
	EndGlobalSection
	GlobalSection(ProjectConfigurationPlatforms) = postSolution
		{8D41BACE-085E-0863-7B51-D04EE9636659}.Debug|Any CPU.ActiveCfg = Debug|Any CPU
		{8D41BACE-085E-0863-7B51-D04EE9636659}.Debug|Any CPU.Build.0 = Debug|Any CPU
		{8D41BACE-085E-0863-7B51-D04EE9636659}.Release|Any CPU.ActiveCfg = Release|Any CPU
		{8D41BACE-085E-0863-7B51-D04EE9636659}.Release|Any CPU.Build.0 = Release|Any CPU
		{FABFA38E-A53E-B3A2-D559-6B24968C0920}.Debug|Any CPU.ActiveCfg = Debug|Any CPU
		{FABFA38E-A53E-B3A2-D559-6B24968C0920}.Debug|Any CPU.Build.0 = Debug|Any CPU
		{FABFA38E-A53E-B3A2-D559-6B24968C0920}.Release|Any CPU.ActiveCfg = Release|Any CPU
		{FABFA38E-A53E-B3A2-D559-6B24968C0920}.Release|Any CPU.Build.0 = Release|Any CPU
	EndGlobalSection
	GlobalSection(SolutionProperties) = preSolution
		HideSolutionNode = FALSE
	EndGlobalSection
EndGlobal
